{
    "version": 3,
    "terraform_version": "0.11.5",
    "serial": 15,
    "lineage": "d961331c-1ae0-5f82-ed29-8324d1e99779",
    "modules": [
        {
            "path": [
                "root"
            ],
            "outputs": {},
            "resources": {
                "aws_instance.terraform_testing": {
                    "type": "aws_instance",
                    "depends_on": [],
                    "primary": {
                        "id": "i-0831c2e5b3f43deb6",
                        "attributes": {
                            "ami": "ami-00846a67",
                            "arn": "arn:aws:ec2:eu-west-2:465474560158:instance/i-0831c2e5b3f43deb6",
                            "associate_public_ip_address": "true",
                            "availability_zone": "eu-west-2c",
                            "cpu_core_count": "1",
                            "cpu_threads_per_core": "1",
                            "credit_specification.#": "1",
                            "credit_specification.0.cpu_credits": "standard",
                            "disable_api_termination": "false",
                            "ebs_block_device.#": "0",
                            "ebs_optimized": "false",
                            "ephemeral_block_device.#": "0",
                            "get_password_data": "false",
                            "iam_instance_profile": "",
                            "id": "i-0831c2e5b3f43deb6",
                            "instance_state": "running",
                            "instance_type": "t2.micro",
                            "ipv6_addresses.#": "0",
                            "key_name": "aws.admin.cdudu",
                            "monitoring": "false",
                            "network_interface.#": "0",
                            "network_interface_id": "eni-0f37783e2a49ee4ef",
                            "password_data": "",
                            "placement_group": "",
                            "primary_network_interface_id": "eni-0f37783e2a49ee4ef",
                            "private_dns": "ip-172-31-7-31.eu-west-2.compute.internal",
                            "private_ip": "172.31.7.31",
                            "public_dns": "ec2-35-178-230-218.eu-west-2.compute.amazonaws.com",
                            "public_ip": "35.178.230.218",
                            "root_block_device.#": "1",
                            "root_block_device.0.delete_on_termination": "false",
                            "root_block_device.0.iops": "100",
                            "root_block_device.0.volume_id": "vol-0f75c2db2bc9f0088",
                            "root_block_device.0.volume_size": "8",
                            "root_block_device.0.volume_type": "gp2",
                            "security_groups.#": "1",
                            "security_groups.3814588639": "default",
                            "source_dest_check": "true",
                            "subnet_id": "subnet-813a5ce8",
                            "tags.%": "1",
                            "tags.Name": "Terraform [ test ]",
                            "tenancy": "default",
                            "volume_tags.%": "0",
                            "vpc_security_group_ids.#": "1",
                            "vpc_security_group_ids.2139787613": "sg-8b8db1e1"
                        },
                        "meta": {
                            "e2bfb730-ecaa-11e6-8f88-34363bc7c4c0": {
                                "create": 600000000000,
                                "delete": 1200000000000,
                                "update": 600000000000
                            },
                            "schema_version": "1"
                        },
                        "tainted": false
                    },
                    "deposed": [],
                    "provider": "provider.aws"
                },
                "aws_security_group.terraform": {
                    "type": "aws_security_group",
                    "depends_on": [],
                    "primary": {
                        "id": "sg-0e7ff46b61dc9e09a",
                        "attributes": {
                            "arn": "arn:aws:ec2:eu-west-2:465474560158:security-group/sg-0e7ff46b61dc9e09a",
                            "description": "Managed by Terraform",
                            "egress.#": "1",
                            "egress.482069346.cidr_blocks.#": "1",
                            "egress.482069346.cidr_blocks.0": "0.0.0.0/0",
                            "egress.482069346.description": "",
                            "egress.482069346.from_port": "0",
                            "egress.482069346.ipv6_cidr_blocks.#": "0",
                            "egress.482069346.prefix_list_ids.#": "0",
                            "egress.482069346.protocol": "-1",
                            "egress.482069346.security_groups.#": "0",
                            "egress.482069346.self": "false",
                            "egress.482069346.to_port": "0",
                            "id": "sg-0e7ff46b61dc9e09a",
                            "ingress.#": "2",
                            "ingress.2214680975.cidr_blocks.#": "1",
                            "ingress.2214680975.cidr_blocks.0": "0.0.0.0/0",
                            "ingress.2214680975.description": "",
                            "ingress.2214680975.from_port": "80",
                            "ingress.2214680975.ipv6_cidr_blocks.#": "0",
                            "ingress.2214680975.prefix_list_ids.#": "0",
                            "ingress.2214680975.protocol": "tcp",
                            "ingress.2214680975.security_groups.#": "0",
                            "ingress.2214680975.self": "false",
                            "ingress.2214680975.to_port": "80",
                            "ingress.2541437006.cidr_blocks.#": "1",
                            "ingress.2541437006.cidr_blocks.0": "0.0.0.0/0",
                            "ingress.2541437006.description": "",
                            "ingress.2541437006.from_port": "22",
                            "ingress.2541437006.ipv6_cidr_blocks.#": "0",
                            "ingress.2541437006.prefix_list_ids.#": "0",
                            "ingress.2541437006.protocol": "tcp",
                            "ingress.2541437006.security_groups.#": "0",
                            "ingress.2541437006.self": "false",
                            "ingress.2541437006.to_port": "22",
                            "name": "terraform",
                            "owner_id": "465474560158",
                            "revoke_rules_on_delete": "false",
                            "tags.%": "0",
                            "vpc_id": "vpc-c5fb67ad"
                        },
                        "meta": {
                            "e2bfb730-ecaa-11e6-8f88-34363bc7c4c0": {
                                "create": 600000000000,
                                "delete": 600000000000
                            },
                            "schema_version": "1"
                        },
                        "tainted": false
                    },
                    "deposed": [],
                    "provider": "provider.aws"
                },
                "aws_subnet.subnet1": {
                    "type": "aws_subnet",
                    "depends_on": [
                        "aws_vpc.terraform"
                    ],
                    "primary": {
                        "id": "subnet-03f4d55b2da34ab90",
                        "attributes": {
                            "arn": "arn:aws:ec2:eu-west-2:465474560158:subnet/subnet-03f4d55b2da34ab90",
                            "assign_ipv6_address_on_creation": "false",
                            "availability_zone": "eu-west-2c",
                            "availability_zone_id": "euw2-az1",
                            "cidr_block": "172.10.1.0/24",
                            "id": "subnet-03f4d55b2da34ab90",
                            "ipv6_cidr_block": "",
                            "ipv6_cidr_block_association_id": "",
                            "map_public_ip_on_launch": "false",
                            "owner_id": "465474560158",
                            "tags.%": "1",
                            "tags.Name": "Subnet1",
                            "vpc_id": "vpc-0014be78da3bf20e3"
                        },
                        "meta": {
                            "e2bfb730-ecaa-11e6-8f88-34363bc7c4c0": {
                                "create": 600000000000,
                                "delete": 600000000000
                            },
                            "schema_version": "1"
                        },
                        "tainted": false
                    },
                    "deposed": [],
                    "provider": "provider.aws"
                },
                "aws_vpc.terraform": {
                    "type": "aws_vpc",
                    "depends_on": [],
                    "primary": {
                        "id": "vpc-0014be78da3bf20e3",
                        "attributes": {
                            "arn": "arn:aws:ec2:eu-west-2:465474560158:vpc/vpc-0014be78da3bf20e3",
                            "assign_generated_ipv6_cidr_block": "false",
                            "cidr_block": "172.10.0.0/16",
                            "default_network_acl_id": "acl-08ada7389e99d74a2",
                            "default_route_table_id": "rtb-08c859171de85f124",
                            "default_security_group_id": "sg-0f1c07987b0bbf792",
                            "dhcp_options_id": "dopt-9583f7fd",
                            "enable_dns_hostnames": "false",
                            "enable_dns_support": "true",
                            "id": "vpc-0014be78da3bf20e3",
                            "instance_tenancy": "default",
                            "ipv6_association_id": "",
                            "ipv6_cidr_block": "",
                            "main_route_table_id": "rtb-08c859171de85f124",
                            "owner_id": "465474560158",
                            "tags.%": "2",
                            "tags.Location": "London",
                            "tags.Name": "terraform"
                        },
                        "meta": {
                            "schema_version": "1"
                        },
                        "tainted": false
                    },
                    "deposed": [],
                    "provider": "provider.aws"
                }
            },
            "depends_on": []
        }
    ]
}
